
Microsoft Visual Studio Solution File, Format Version 12.00
# Visual Studio 15
VisualStudioVersion = 15.0.36123.18
MinimumVisualStudioVersion = 10.0.40219.1
Project("{FAE04EC0-301F-11D3-BF4B-00C04F79EFBC}") = "ConsoleApp1", "ConsoleApp1\ConsoleApp1.csproj", "{8404BA31-79D9-43E9-A536-14D5DB102266}"
EndProject
Global
	GlobalSection(SolutionConfigurationPlatforms) = preSolution
		Debug|Any CPU = Debug|Any CPU
		Release|Any CPU = Release|Any CPU
	EndGlobalSection
	GlobalSection(ProjectConfigurationPlatforms) = postSolution
		{8404BA31-79D9-43E9-A536-14D5DB102266}.Debug|Any CPU.ActiveCfg = Debug|Any CPU
		{8404BA31-79D9-43E9-A536-14D5DB102266}.Debug|Any CPU.Build.0 = Debug|Any CPU
		{8404BA31-79D9-43E9-A536-14D5DB102266}.Release|Any CPU.ActiveCfg = Release|Any CPU
		{8404BA31-79D9-43E9-A536-14D5DB102266}.Release|Any CPU.Build.0 = Release|Any CPU
	EndGlobalSection
	GlobalSection(SolutionProperties) = preSolution
		HideSolutionNode = FALSE
	EndGlobalSection
	GlobalSection(ExtensibilityGlobals) = postSolution
		SolutionGuid = {9CDAF2BD-24BA-4F72-BD73-E7B435320CF0}
	EndGlobalSection
EndGlobal
